
Microsoft Visual Studio Solution File, Format Version 12.00
# Visual Studio 15
VisualStudioVersion = 15.0.28307.1585
MinimumVisualStudioVersion = 10.0.40219.1
Project("{8BC9CEB8-8B4A-11D0-8D11-00A0C91BC942}") = "Core", "Core\Core.vcxproj", "{200DA898-1363-4FDA-8368-0957DCA8A0F3}"
EndProject
Project("{8BC9CEB8-8B4A-11D0-8D11-00A0C91BC942}") = "pkEng", "pkEng\pkEng.vcxproj", "{2928118F-8BDB-4F74-B6FD-9A776554D523}"
	ProjectSection(ProjectDependencies) = postProject
		{200DA898-1363-4FDA-8368-0957DCA8A0F3} = {200DA898-1363-4FDA-8368-0957DCA8A0F3}
		{C723FAEA-5DAA-405C-BDEA-E811667F6B67} = {C723FAEA-5DAA-405C-BDEA-E811667F6B67}
	EndProjectSection
EndProject
Project("{8BC9CEB8-8B4A-11D0-8D11-00A0C91BC942}") = "TestCore", "TestCore\TestCore.vcxproj", "{1191FB51-2945-4205-A24B-3E72B16B0C87}"
EndProject
Project("{8BC9CEB8-8B4A-11D0-8D11-00A0C91BC942}") = "Systems", "Systems\Systems.vcxproj", "{C723FAEA-5DAA-405C-BDEA-E811667F6B67}"
	ProjectSection(ProjectDependencies) = postProject
		{200DA898-1363-4FDA-8368-0957DCA8A0F3} = {200DA898-1363-4FDA-8368-0957DCA8A0F3}
	EndProjectSection
EndProject
Global
	GlobalSection(SolutionConfigurationPlatforms) = preSolution
		Debug|x64 = Debug|x64
		Debug|x86 = Debug|x86
		Release|x64 = Release|x64
		Release|x86 = Release|x86
	EndGlobalSection
	GlobalSection(ProjectConfigurationPlatforms) = postSolution
		{200DA898-1363-4FDA-8368-0957DCA8A0F3}.Debug|x64.ActiveCfg = Debug|x64
		{200DA898-1363-4FDA-8368-0957DCA8A0F3}.Debug|x64.Build.0 = Debug|x64
		{200DA898-1363-4FDA-8368-0957DCA8A0F3}.Debug|x86.ActiveCfg = Debug|Win32
		{200DA898-1363-4FDA-8368-0957DCA8A0F3}.Debug|x86.Build.0 = Debug|Win32
		{200DA898-1363-4FDA-8368-0957DCA8A0F3}.Release|x64.ActiveCfg = Release|x64
		{200DA898-1363-4FDA-8368-0957DCA8A0F3}.Release|x64.Build.0 = Release|x64
		{200DA898-1363-4FDA-8368-0957DCA8A0F3}.Release|x86.ActiveCfg = Release|Win32
		{200DA898-1363-4FDA-8368-0957DCA8A0F3}.Release|x86.Build.0 = Release|Win32
		{2928118F-8BDB-4F74-B6FD-9A776554D523}.Debug|x64.ActiveCfg = Debug|x64
		{2928118F-8BDB-4F74-B6FD-9A776554D523}.Debug|x64.Build.0 = Debug|x64
		{2928118F-8BDB-4F74-B6FD-9A776554D523}.Debug|x86.ActiveCfg = Debug|Win32
		{2928118F-8BDB-4F74-B6FD-9A776554D523}.Debug|x86.Build.0 = Debug|Win32
		{2928118F-8BDB-4F74-B6FD-9A776554D523}.Release|x64.ActiveCfg = Release|x64
		{2928118F-8BDB-4F74-B6FD-9A776554D523}.Release|x64.Build.0 = Release|x64
		{2928118F-8BDB-4F74-B6FD-9A776554D523}.Release|x86.ActiveCfg = Release|Win32
		{2928118F-8BDB-4F74-B6FD-9A776554D523}.Release|x86.Build.0 = Release|Win32
		{1191FB51-2945-4205-A24B-3E72B16B0C87}.Debug|x64.ActiveCfg = Debug|x64
		{1191FB51-2945-4205-A24B-3E72B16B0C87}.Debug|x64.Build.0 = Debug|x64
		{1191FB51-2945-4205-A24B-3E72B16B0C87}.Debug|x86.ActiveCfg = Debug|Win32
		{1191FB51-2945-4205-A24B-3E72B16B0C87}.Debug|x86.Build.0 = Debug|Win32
		{1191FB51-2945-4205-A24B-3E72B16B0C87}.Release|x64.ActiveCfg = Release|x64
		{1191FB51-2945-4205-A24B-3E72B16B0C87}.Release|x64.Build.0 = Release|x64
		{1191FB51-2945-4205-A24B-3E72B16B0C87}.Release|x86.ActiveCfg = Release|Win32
		{1191FB51-2945-4205-A24B-3E72B16B0C87}.Release|x86.Build.0 = Release|Win32
		{C723FAEA-5DAA-405C-BDEA-E811667F6B67}.Debug|x64.ActiveCfg = Debug|x64
		{C723FAEA-5DAA-405C-BDEA-E811667F6B67}.Debug|x64.Build.0 = Debug|x64
		{C723FAEA-5DAA-405C-BDEA-E811667F6B67}.Debug|x86.ActiveCfg = Debug|Win32
		{C723FAEA-5DAA-405C-BDEA-E811667F6B67}.Debug|x86.Build.0 = Debug|Win32
		{C723FAEA-5DAA-405C-BDEA-E811667F6B67}.Release|x64.ActiveCfg = Release|x64
		{C723FAEA-5DAA-405C-BDEA-E811667F6B67}.Release|x64.Build.0 = Release|x64
		{C723FAEA-5DAA-405C-BDEA-E811667F6B67}.Release|x86.ActiveCfg = Release|Win32
		{C723FAEA-5DAA-405C-BDEA-E811667F6B67}.Release|x86.Build.0 = Release|Win32
	EndGlobalSection
	GlobalSection(SolutionProperties) = preSolution
		HideSolutionNode = FALSE
	EndGlobalSection
	GlobalSection(ExtensibilityGlobals) = postSolution
		SolutionGuid = {CCEF4DA6-09F0-40CB-B6BE-74621D30B4B0}
	EndGlobalSection
EndGlobal
